
Microsoft Visual Studio Solution File, Format Version 12.00
# Visual Studio Version 16
VisualStudioVersion = 16.0.30523.141
MinimumVisualStudioVersion = 10.0.40219.1
Project("{9A19103F-16F7-4668-BE54-9A1E7A4F7556}") = "Wallet", "LyraWallet\Wallet.csproj", "{30F40F87-3D12-4B63-8C93-47F8C731BA32}"
EndProject
Project("{FAE04EC0-301F-11D3-BF4B-00C04F79EFBC}") = "Wallet.Android", "LyraWallet.Android\Wallet.Android.csproj", "{3BA640B8-A0C1-4496-9077-F6E3F1A71145}"
EndProject
Project("{FAE04EC0-301F-11D3-BF4B-00C04F79EFBC}") = "Wallet.iOS", "LyraWallet.iOS\Wallet.iOS.csproj", "{664F238D-4109-492B-9AED-B14BE4C9AE75}"
EndProject
Global
	GlobalSection(SolutionConfigurationPlatforms) = preSolution
		Debug|Any CPU = Debug|Any CPU
		Debug|iPhone = Debug|iPhone
		Debug|iPhoneSimulator = Debug|iPhoneSimulator
		Release|Any CPU = Release|Any CPU
		Release|iPhone = Release|iPhone
		Release|iPhoneSimulator = Release|iPhoneSimulator
	EndGlobalSection
	GlobalSection(ProjectConfigurationPlatforms) = postSolution
		{30F40F87-3D12-4B63-8C93-47F8C731BA32}.Debug|Any CPU.ActiveCfg = Debug|Any CPU
		{30F40F87-3D12-4B63-8C93-47F8C731BA32}.Debug|Any CPU.Build.0 = Debug|Any CPU
		{30F40F87-3D12-4B63-8C93-47F8C731BA32}.Debug|iPhone.ActiveCfg = Debug|Any CPU
		{30F40F87-3D12-4B63-8C93-47F8C731BA32}.Debug|iPhone.Build.0 = Debug|Any CPU
		{30F40F87-3D12-4B63-8C93-47F8C731BA32}.Debug|iPhoneSimulator.ActiveCfg = Debug|Any CPU
		{30F40F87-3D12-4B63-8C93-47F8C731BA32}.Debug|iPhoneSimulator.Build.0 = Debug|Any CPU
		{30F40F87-3D12-4B63-8C93-47F8C731BA32}.Release|Any CPU.ActiveCfg = Release|Any CPU
		{30F40F87-3D12-4B63-8C93-47F8C731BA32}.Release|Any CPU.Build.0 = Release|Any CPU
		{30F40F87-3D12-4B63-8C93-47F8C731BA32}.Release|iPhone.ActiveCfg = Release|Any CPU
		{30F40F87-3D12-4B63-8C93-47F8C731BA32}.Release|iPhone.Build.0 = Release|Any CPU
		{30F40F87-3D12-4B63-8C93-47F8C731BA32}.Release|iPhoneSimulator.ActiveCfg = Release|Any CPU
		{30F40F87-3D12-4B63-8C93-47F8C731BA32}.Release|iPhoneSimulator.Build.0 = Release|Any CPU
		{3BA640B8-A0C1-4496-9077-F6E3F1A71145}.Debug|Any CPU.ActiveCfg = Debug|Any CPU
		{3BA640B8-A0C1-4496-9077-F6E3F1A71145}.Debug|Any CPU.Build.0 = Debug|Any CPU
		{3BA640B8-A0C1-4496-9077-F6E3F1A71145}.Debug|Any CPU.Deploy.0 = Debug|Any CPU
		{3BA640B8-A0C1-4496-9077-F6E3F1A71145}.Debug|iPhone.ActiveCfg = Debug|Any CPU
		{3BA640B8-A0C1-4496-9077-F6E3F1A71145}.Debug|iPhone.Build.0 = Debug|Any CPU
		{3BA640B8-A0C1-4496-9077-F6E3F1A71145}.Debug|iPhone.Deploy.0 = Debug|Any CPU
		{3BA640B8-A0C1-4496-9077-F6E3F1A71145}.Debug|iPhoneSimulator.ActiveCfg = Debug|Any CPU
		{3BA640B8-A0C1-4496-9077-F6E3F1A71145}.Debug|iPhoneSimulator.Build.0 = Debug|Any CPU
		{3BA640B8-A0C1-4496-9077-F6E3F1A71145}.Debug|iPhoneSimulator.Deploy.0 = Debug|Any CPU
		{3BA640B8-A0C1-4496-9077-F6E3F1A71145}.Release|Any CPU.ActiveCfg = Release|Any CPU
		{3BA640B8-A0C1-4496-9077-F6E3F1A71145}.Release|Any CPU.Build.0 = Release|Any CPU
		{3BA640B8-A0C1-4496-9077-F6E3F1A71145}.Release|Any CPU.Deploy.0 = Release|Any CPU
		{3BA640B8-A0C1-4496-9077-F6E3F1A71145}.Release|iPhone.ActiveCfg = Release|Any CPU
		{3BA640B8-A0C1-4496-9077-F6E3F1A71145}.Release|iPhone.Build.0 = Release|Any CPU
		{3BA640B8-A0C1-4496-9077-F6E3F1A71145}.Release|iPhone.Deploy.0 = Release|Any CPU
		{3BA640B8-A0C1-4496-9077-F6E3F1A71145}.Release|iPhoneSimulator.ActiveCfg = Release|Any CPU
		{3BA640B8-A0C1-4496-9077-F6E3F1A71145}.Release|iPhoneSimulator.Build.0 = Release|Any CPU
		{3BA640B8-A0C1-4496-9077-F6E3F1A71145}.Release|iPhoneSimulator.Deploy.0 = Release|Any CPU
		{664F238D-4109-492B-9AED-B14BE4C9AE75}.Debug|Any CPU.ActiveCfg = Debug|iPhoneSimulator
		{664F238D-4109-492B-9AED-B14BE4C9AE75}.Debug|iPhone.ActiveCfg = Debug|iPhone
		{664F238D-4109-492B-9AED-B14BE4C9AE75}.Debug|iPhone.Build.0 = Debug|iPhone
		{664F238D-4109-492B-9AED-B14BE4C9AE75}.Debug|iPhoneSimulator.ActiveCfg = Debug|iPhoneSimulator
		{664F238D-4109-492B-9AED-B14BE4C9AE75}.Debug|iPhoneSimulator.Build.0 = Debug|iPhoneSimulator
		{664F238D-4109-492B-9AED-B14BE4C9AE75}.Release|Any CPU.ActiveCfg = Release|iPhoneSimulator
		{664F238D-4109-492B-9AED-B14BE4C9AE75}.Release|iPhone.ActiveCfg = Release|iPhone
		{664F238D-4109-492B-9AED-B14BE4C9AE75}.Release|iPhone.Build.0 = Release|iPhone
		{664F238D-4109-492B-9AED-B14BE4C9AE75}.Release|iPhoneSimulator.ActiveCfg = Release|iPhoneSimulator
		{664F238D-4109-492B-9AED-B14BE4C9AE75}.Release|iPhoneSimulator.Build.0 = Release|iPhoneSimulator
	EndGlobalSection
	GlobalSection(SolutionProperties) = preSolution
		HideSolutionNode = FALSE
	EndGlobalSection
	GlobalSection(ExtensibilityGlobals) = postSolution
		SolutionGuid = {E4F90585-0EFB-4D24-B0AD-FD3A52A08B6C}
	EndGlobalSection
EndGlobal
